{
  "name": "smarthost",
  "lockfileVersion": 3,
  "requires": true,
  "packages": {
    "": {
      "dependencies": {
        "vscode-web": "^1.91.1"
      }
    },
    "node_modules/vscode-web": {
      "version": "1.91.1",
      "resolved": "https://registry.npmjs.org/vscode-web/-/vscode-web-1.91.1.tgz",
      "integrity": "sha512-kzrbnxxmAmBDBLcTXQBM5Ehucdf35MI4pX1DHMPa6SFFg4IVKd18Qn6TrdG+VT4O4fk6nySovNP22GHky3nD8Q==",
      "license": "MIT"
    }
  }
}
